
Microsoft Visual Studio Solution File, Format Version 12.00
# Visual Studio 14
VisualStudioVersion = 14.0.25123.0
MinimumVisualStudioVersion = 10.0.40219.1
Project("{FAE04EC0-301F-11D3-BF4B-00C04F79EFBC}") = "ADDB2C.Api", "ADDB2C.Api\ADDB2C.Api.csproj", "{E7DFA9B5-B4E8-400A-8C27-BF60B8334A72}"
EndProject
Project("{FAE04EC0-301F-11D3-BF4B-00C04F79EFBC}") = "AADB2C.WebClientMvc", "AADB2C.WebClientMvc\AADB2C.WebClientMvc.csproj", "{4223FFFB-7BC2-494A-A97F-8E8A66C23808}"
EndProject
Global
	GlobalSection(SolutionConfigurationPlatforms) = preSolution
		Debug|Any CPU = Debug|Any CPU
		Release|Any CPU = Release|Any CPU
	EndGlobalSection
	GlobalSection(ProjectConfigurationPlatforms) = postSolution
		{E7DFA9B5-B4E8-400A-8C27-BF60B8334A72}.Debug|Any CPU.ActiveCfg = Debug|Any CPU
		{E7DFA9B5-B4E8-400A-8C27-BF60B8334A72}.Debug|Any CPU.Build.0 = Debug|Any CPU
		{E7DFA9B5-B4E8-400A-8C27-BF60B8334A72}.Release|Any CPU.ActiveCfg = Release|Any CPU
		{E7DFA9B5-B4E8-400A-8C27-BF60B8334A72}.Release|Any CPU.Build.0 = Release|Any CPU
		{4223FFFB-7BC2-494A-A97F-8E8A66C23808}.Debug|Any CPU.ActiveCfg = Debug|Any CPU
		{4223FFFB-7BC2-494A-A97F-8E8A66C23808}.Debug|Any CPU.Build.0 = Debug|Any CPU
		{4223FFFB-7BC2-494A-A97F-8E8A66C23808}.Release|Any CPU.ActiveCfg = Release|Any CPU
		{4223FFFB-7BC2-494A-A97F-8E8A66C23808}.Release|Any CPU.Build.0 = Release|Any CPU
	EndGlobalSection
	GlobalSection(SolutionProperties) = preSolution
		HideSolutionNode = FALSE
	EndGlobalSection
EndGlobal
